// !$*UTF8*$!
{
	archiveVersion = 1;
	classes = {
	};
	objectVersion = 77;
	objects = {

/* Begin PBXContainerItemProxy section */
		64D5D0642FCD852A00893AB4 /* PBXContainerItemProxy */ = {
			isa = PBXContainerItemProxy;
			containerPortal = 64D5D04C2FCD852800893AB4 /* Project object */;
			proxyType = 1;
			remoteGlobalIDString = 64D5D0532FCD852800893AB4;
			remoteInfo = RoutineLog;
		};
		64D5D06E2FCD852A00893AB4 /* PBXContainerItemProxy */ = {
			isa = PBXContainerItemProxy;
			containerPortal = 64D5D04C2FCD852800893AB4 /* Project object */;
			proxyType = 1;
			remoteGlobalIDString = 64D5D0532FCD852800893AB4;
			remoteInfo = RoutineLog;
		};
/* End PBXContainerItemProxy section */

/* Begin PBXFileReference section */
		64D5D0542FCD852800893AB4 /* RoutineLog.app */ = {isa = PBXFileReference; explicitFileType = wrapper.application; includeInIndex = 0; path = RoutineLog.app; sourceTree = BUILT_PRODUCTS_DIR; };
		64D5D0632FCD852A00893AB4 /* RoutineLogTests.xctest */ = {isa = PBXFileReference; explicitFileType = wrapper.cfbundle; includeInIndex = 0; path = RoutineLogTests.xctest; sourceTree = BUILT_PRODUCTS_DIR; };
		64D5D06D2FCD852A00893AB4 /* RoutineLogUITests.xctest */ = {isa = PBXFileReference; explicitFileType = wrapper.cfbundle; includeInIndex = 0; path = RoutineLogUITests.xctest; sourceTree = BUILT_PRODUCTS_DIR; };
/* End PBXFileReference section */

/* Begin PBXFileSystemSynchronizedRootGroup section */
		64D5D0562FCD852800893AB4 /* RoutineLog */ = {
			isa = PBXFileSystemSynchronizedRootGroup;
			path = RoutineLog;
			sourceTree = "<group>";
		};
		64D5D0662FCD852A00893AB4 /* RoutineLogTests */ = {
			isa = PBXFileSystemSynchronizedRootGroup;
			path = RoutineLogTests;
			sourceTree = "<group>";
		};
		64D5D0702FCD852A00893AB4 /* RoutineLogUITests */ = {
			isa = PBXFileSystemSynchronizedRootGroup;
			path = RoutineLogUITests;
			sourceTree = "<group>";
		};
/* End PBXFileSystemSynchronizedRootGroup section */

/* Begin PBXFrameworksBuildPhase section */
		64D5D0512FCD852800893AB4 /* Frameworks */ = {
			isa = PBXFrameworksBuildPhase;
			buildActionMask = 2147483647;
			files = (
			);
			runOnlyForDeploymentPostprocessing = 0;
		};
		64D5D0602FCD852A00893AB4 /* Frameworks */ = {
			isa = PBXFrameworksBuildPhase;
			buildActionMask = 2147483647;
			files = (
			);
			runOnlyForDeploymentPostprocessing = 0;
		};
		64D5D06A2FCD852A00893AB4 /* Frameworks */ = {
			isa = PBXFrameworksBuildPhase;
			buildActionMask = 2147483647;
			files = (
			);
			runOnlyForDeploymentPostprocessing = 0;
		};
/* End PBXFrameworksBuildPhase section */

/* Begin PBXGroup section */
		64D5D04B2FCD852800893AB4 = {
			isa = PBXGroup;
			children = (
				64D5D0562FCD852800893AB4 /* RoutineLog */,
				64D5D0662FCD852A00893AB4 /* RoutineLogTests */,
				64D5D0702FCD852A00893AB4 /* RoutineLogUITests */,
				64D5D0552FCD852800893AB4 /* Products */,
			);
			sourceTree = "<group>";
		};
		64D5D0552FCD852800893AB4 /* Products */ = {
			isa = PBXGroup;
			children = (
				64D5D0542FCD852800893AB4 /* RoutineLog.app */,
				64D5D0632FCD852A00893AB4 /* RoutineLogTests.xctest */,
				64D5D06D2FCD852A00893AB4 /* RoutineLogUITests.xctest */,
			);
			name = Products;
			sourceTree = "<group>";
		};
/* End PBXGroup section */

/* Begin PBXNativeTarget section */
		64D5D0532FCD852800893AB4 /* RoutineLog */ = {
			isa = PBXNativeTarget;
			buildConfigurationList = 64D5D0772FCD852A00893AB4 /* Build configuration list for PBXNativeTarget "RoutineLog" */;
			buildPhases = (
				64D5D0502FCD852800893AB4 /* Sources */,
				64D5D0512FCD852800893AB4 /* Frameworks */,
				64D5D0522FCD852800893AB4 /* Resources */,
			);
			buildRules = (
			);
			dependencies = (
			);
			fileSystemSynchronizedGroups = (
				64D5D0562FCD852800893AB4 /* RoutineLog */,
			);
			name = RoutineLog;
			packageProductDependencies = (
			);
			productName = RoutineLog;
			productReference = 64D5D0542FCD852800893AB4 /* RoutineLog.app */;
			productType = "com.apple.product-type.application";
		};
		64D5D0622FCD852A00893AB4 /* RoutineLogTests */ = {
			isa = PBXNativeTarget;
			buildConfigurationList = 64D5D07A2FCD852A00893AB4 /* Build configuration list for PBXNativeTarget "RoutineLogTests" */;
			buildPhases = (
				64D5D05F2FCD852A00893AB4 /* Sources */,
				64D5D0602FCD852A00893AB4 /* Frameworks */,
				64D5D0612FCD852A00893AB4 /* Resources */,
			);
			buildRules = (
			);
			dependencies = (
				64D5D0652FCD852A00893AB4 /* PBXTargetDependency */,
			);
			fileSystemSynchronizedGroups = (
				64D5D0662FCD852A00893AB4 /* RoutineLogTests */,
			);
			name = RoutineLogTests;
			packageProductDependencies = (
			);
			productName = RoutineLogTests;
			productReference = 64D5D0632FCD852A00893AB4 /* RoutineLogTests.xctest */;
			productType = "com.apple.product-type.bundle.unit-test";
		};
		64D5D06C2FCD852A00893AB4 /* RoutineLogUITests */ = {
			isa = PBXNativeTarget;
			buildConfigurationList = 64D5D07D2FCD852A00893AB4 /* Build configuration list for PBXNativeTarget "RoutineLogUITests" */;
			buildPhases = (
				64D5D0692FCD852A00893AB4 /* Sources */,
				64D5D06A2FCD852A00893AB4 /* Frameworks */,
				64D5D06B2FCD852A00893AB4 /* Resources */,
			);
			buildRules = (
			);
			dependencies = (
				64D5D06F2FCD852A00893AB4 /* PBXTargetDependency */,
			);
			fileSystemSynchronizedGroups = (
				64D5D0702FCD852A00893AB4 /* RoutineLogUITests */,
			);
			name = RoutineLogUITests;
			packageProductDependencies = (
			);
			productName = RoutineLogUITests;
			productReference = 64D5D06D2FCD852A00893AB4 /* RoutineLogUITests.xctest */;
			productType = "com.apple.product-type.bundle.ui-testing";
		};
/* End PBXNativeTarget section */

/* Begin PBXProject section */
		64D5D04C2FCD852800893AB4 /* Project object */ = {
			isa = PBXProject;
			attributes = {
				BuildIndependentTargetsInParallel = 1;
				LastSwiftUpdateCheck = 2650;
				LastUpgradeCheck = 2650;
				TargetAttributes = {
					64D5D0532FCD852800893AB4 = {
						CreatedOnToolsVersion = 26.5;
					};
					64D5D0622FCD852A00893AB4 = {
						CreatedOnToolsVersion = 26.5;
						TestTargetID = 64D5D0532FCD852800893AB4;
					};
					64D5D06C2FCD852A00893AB4 = {
						CreatedOnToolsVersion = 26.5;
						TestTargetID = 64D5D0532FCD852800893AB4;
					};
				};
			};
			buildConfigurationList = 64D5D04F2FCD852800893AB4 /* Build configuration list for PBXProject "RoutineLog" */;
			developmentRegion = en;
			hasScannedForEncodings = 0;
			knownRegions = (
				en,
				Base,
			);
			mainGroup = 64D5D04B2FCD852800893AB4;
			minimizedProjectReferenceProxies = 1;
			preferredProjectObjectVersion = 77;
			productRefGroup = 64D5D0552FCD852800893AB4 /* Products */;
			projectDirPath = "";
			projectRoot = "";
			targets = (
				64D5D0532FCD852800893AB4 /* RoutineLog */,
				64D5D0622FCD852A00893AB4 /* RoutineLogTests */,
				64D5D06C2FCD852A00893AB4 /* RoutineLogUITests */,
			);
		};
/* End PBXProject section */

/* Begin PBXResourcesBuildPhase section */
		64D5D0522FCD852800893AB4 /* Resources */ = {
			isa = PBXResourcesBuildPhase;
			buildActionMask = 2147483647;
			files = (
			);
			runOnlyForDeploymentPostprocessing = 0;
		};
		64D5D0612FCD852A00893AB4 /* Resources */ = {
			isa = PBXResourcesBuildPhase;
			buildActionMask = 2147483647;
			files = (
			);
			runOnlyForDeploymentPostprocessing = 0;
		};
		64D5D06B2FCD852A00893AB4 /* Resources */ = {
			isa = PBXResourcesBuildPhase;
			buildActionMask = 2147483647;
			files = (
			);
			runOnlyForDeploymentPostprocessing = 0;
		};
/* End PBXResourcesBuildPhase section */

/* Begin PBXSourcesBuildPhase section */
		64D5D0502FCD852800893AB4 /* Sources */ = {
			isa = PBXSourcesBuildPhase;
			buildActionMask = 2147483647;
			files = (
			);
			runOnlyForDeploymentPostprocessing = 0;
		};
		64D5D05F2FCD852A00893AB4 /* Sources */ = {
			isa = PBXSourcesBuildPhase;
			buildActionMask = 2147483647;
			files = (
			);
			runOnlyForDeploymentPostprocessing = 0;
		};
		64D5D0692FCD852A00893AB4 /* Sources */ = {
			isa = PBXSourcesBuildPhase;
			buildActionMask = 2147483647;
			files = (
			);
			runOnlyForDeploymentPostprocessing = 0;
		};
/* End PBXSourcesBuildPhase section */

/* Begin PBXTargetDependency section */
		64D5D0652FCD852A00893AB4 /* PBXTargetDependency */ = {
			isa = PBXTargetDependency;
			target = 64D5D0532FCD852800893AB4 /* RoutineLog */;
			targetProxy = 64D5D0642FCD852A00893AB4 /* PBXContainerItemProxy */;
		};
		64D5D06F2FCD852A00893AB4 /* PBXTargetDependency */ = {
			isa = PBXTargetDependency;
			target = 64D5D0532FCD852800893AB4 /* RoutineLog */;
			targetProxy = 64D5D06E2FCD852A00893AB4 /* PBXContainerItemProxy */;
		};
/* End PBXTargetDependency section */

/* Begin XCBuildConfiguration section */
		64D5D0752FCD852A00893AB4 /* Debug */ = {
			isa = XCBuildConfiguration;
			buildSettings = {
				ALWAYS_SEARCH_USER_PATHS = NO;
				ASSETCATALOG_COMPILER_GENERATE_SWIFT_ASSET_SYMBOL_EXTENSIONS = YES;
				CLANG_ANALYZER_NONNULL = YES;
				CLANG_ANALYZER_NUMBER_OBJECT_CONVERSION = YES_AGGRESSIVE;
				CLANG_CXX_LANGUAGE_STANDARD = "gnu++20";
				CLANG_ENABLE_MODULES = YES;
				CLANG_ENABLE_OBJC_ARC = YES;
				CLANG_ENABLE_OBJC_WEAK = YES;
				CLANG_WARN_BLOCK_CAPTURE_AUTORELEASING = YES;
				CLANG_WARN_BOOL_CONVERSION = YES;
				CLANG_WARN_COMMA = YES;
				CLANG_WARN_CONSTANT_CONVERSION = YES;
				CLANG_WARN_DEPRECATED_OBJC_IMPLEMENTATIONS = YES;
				CLANG_WARN_DIRECT_OBJC_ISA_USAGE = YES_ERROR;
				CLANG_WARN_DOCUMENTATION_COMMENTS = YES;
				CLANG_WARN_EMPTY_BODY = YES;
				CLANG_WARN_ENUM_CONVERSION = YES;
				CLANG_WARN_INFINITE_RECURSION = YES;
				CLANG_WARN_INT_CONVERSION = YES;
				CLANG_WARN_NON_LITERAL_NULL_CONVERSION = YES;
				CLANG_WARN_OBJC_IMPLICIT_RETAIN_SELF = YES;
				CLANG_WARN_OBJC_LITERAL_CONVERSION = YES;
				CLANG_WARN_OBJC_ROOT_CLASS = YES_ERROR;
				CLANG_WARN_QUOTED_INCLUDE_IN_FRAMEWORK_HEADER = YES;
				CLANG_WARN_RANGE_LOOP_ANALYSIS = YES;
				CLANG_WARN_STRICT_PROTOTYPES = YES;
				CLANG_WARN_SUSPICIOUS_MOVE = YES;
				CLANG_WARN_UNGUARDED_AVAILABILITY = YES_AGGRESSIVE;
				CLANG_WARN_UNREACHABLE_CODE = YES;
				CLANG_WARN__DUPLICATE_METHOD_MATCH = YES;
				COPY_PHASE_STRIP = NO;
				DEBUG_INFORMATION_FORMAT = dwarf;
				DEVELOPMENT_TEAM = 2383DSB3RM;
				ENABLE_STRICT_OBJC_MSGSEND = YES;
				ENABLE_TESTABILITY = YES;
				ENABLE_USER_SCRIPT_SANDBOXING = YES;
				GCC_C_LANGUAGE_STANDARD = gnu17;
				GCC_DYNAMIC_NO_PIC = NO;
				GCC_NO_COMMON_BLOCKS = YES;
				GCC_OPTIMIZATION_LEVEL = 0;
				GCC_PREPROCESSOR_DEFINITIONS = (
					"DEBUG=1",
					"$(inherited)",
				);
				GCC_WARN_64_TO_32_BIT_CONVERSION = YES;
				GCC_WARN_ABOUT_RETURN_TYPE = YES_ERROR;
				GCC_WARN_UNDECLARED_SELECTOR = YES;
				GCC_WARN_UNINITIALIZED_AUTOS = YES_AGGRESSIVE;
				GCC_WARN_UNUSED_FUNCTION = YES;
				GCC_WARN_UNUSED_VARIABLE = YES;
				IPHONEOS_DEPLOYMENT_TARGET = 26.5;
				LOCALIZATION_PREFERS_STRING_CATALOGS = YES;
				MTL_ENABLE_DEBUG_INFO = INCLUDE_SOURCE;
				MTL_FAST_MATH = YES;
				ONLY_ACTIVE_ARCH = YES;
				SDKROOT = iphoneos;
				SWIFT_ACTIVE_COMPILATION_CONDITIONS = "DEBUG $(inherited)";
				SWIFT_OPTIMIZATION_LEVEL = "-Onone";
			};
			name = Debug;
		};
		64D5D0762FCD852A00893AB4 /* Release */ = {
			isa = XCBuildConfiguration;
			buildSettings = {
				ALWAYS_SEARCH_USER_PATHS = NO;
				ASSETCATALOG_COMPILER_GENERATE_SWIFT_ASSET_SYMBOL_EXTENSIONS = YES;
				CLANG_ANALYZER_NONNULL = YES;
				CLANG_ANALYZER_NUMBER_OBJECT_CONVERSION = YES_AGGRESSIVE;
				CLANG_CXX_LANGUAGE_STANDARD = "gnu++20";
				CLANG_ENABLE_MODULES = YES;
				CLANG_ENABLE_OBJC_ARC = YES;
				CLANG_ENABLE_OBJC_WEAK = YES;
				CLANG_WARN_BLOCK_CAPTURE_AUTORELEASING = YES;
				CLANG_WARN_BOOL_CONVERSION = YES;
				CLANG_WARN_COMMA = YES;
				CLANG_WARN_CONSTANT_CONVERSION = YES;
				CLANG_WARN_DEPRECATED_OBJC_IMPLEMENTATIONS = YES;
				CLANG_WARN_DIRECT_OBJC_ISA_USAGE = YES_ERROR;
				CLANG_WARN_DOCUMENTATION_COMMENTS = YES;
				CLANG_WARN_EMPTY_BODY = YES;
				CLANG_WARN_ENUM_CONVERSION = YES;
				CLANG_WARN_INFINITE_RECURSION = YES;
				CLANG_WARN_INT_CONVERSION = YES;
				CLANG_WARN_NON_LITERAL_NULL_CONVERSION = YES;
				CLANG_WARN_OBJC_IMPLICIT_RETAIN_SELF = YES;
				CLANG_WARN_OBJC_LITERAL_CONVERSION = YES;
				CLANG_WARN_OBJC_ROOT_CLASS = YES_ERROR;
				CLANG_WARN_QUOTED_INCLUDE_IN_FRAMEWORK_HEADER = YES;
				CLANG_WARN_RANGE_LOOP_ANALYSIS = YES;
				CLANG_WARN_STRICT_PROTOTYPES = YES;
				CLANG_WARN_SUSPICIOUS_MOVE = YES;
				CLANG_WARN_UNGUARDED_AVAILABILITY = YES_AGGRESSIVE;
				CLANG_WARN_UNREACHABLE_CODE = YES;
				CLANG_WARN__DUPLICATE_METHOD_MATCH = YES;
				COPY_PHASE_STRIP = NO;
				DEBUG_INFORMATION_FORMAT = "dwarf-with-dsym";
				DEVELOPMENT_TEAM = 2383DSB3RM;
				ENABLE_NS_ASSERTIONS = NO;
				ENABLE_STRICT_OBJC_MSGSEND = YES;
				ENABLE_USER_SCRIPT_SANDBOXING = YES;
				GCC_C_LANGUAGE_STANDARD = gnu17;
				GCC_NO_COMMON_BLOCKS = YES;
				GCC_WARN_64_TO_32_BIT_CONVERSION = YES;
				GCC_WARN_ABOUT_RETURN_TYPE = YES_ERROR;
				GCC_WARN_UNDECLARED_SELECTOR = YES;
				GCC_WARN_UNINITIALIZED_AUTOS = YES_AGGRESSIVE;
				GCC_WARN_UNUSED_FUNCTION = YES;
				GCC_WARN_UNUSED_VARIABLE = YES;
				IPHONEOS_DEPLOYMENT_TARGET = 26.5;
				LOCALIZATION_PREFERS_STRING_CATALOGS = YES;
				MTL_ENABLE_DEBUG_INFO = NO;
				MTL_FAST_MATH = YES;
				SDKROOT = iphoneos;
				SWIFT_COMPILATION_MODE = wholemodule;
				VALIDATE_PRODUCT = YES;
			};
			name = Release;
		};
		64D5D0782FCD852A00893AB4 /* Debug */ = {
			isa = XCBuildConfiguration;
			buildSettings = {
				ASSETCATALOG_COMPILER_APPICON_NAME = AppIcon;
				ASSETCATALOG_COMPILER_GLOBAL_ACCENT_COLOR_NAME = AccentColor;
				CODE_SIGN_STYLE = Automatic;
				CURRENT_PROJECT_VERSION = 1;
				DEVELOPMENT_TEAM = 2383DSB3RM;
				ENABLE_PREVIEWS = YES;
				GENERATE_INFOPLIST_FILE = YES;
				INFOPLIST_KEY_UIApplicationSceneManifest_Generation = YES;
				INFOPLIST_KEY_UIApplicationSupportsIndirectInputEvents = YES;
				INFOPLIST_KEY_UILaunchScreen_Generation = YES;
				INFOPLIST_KEY_UISupportedInterfaceOrientations_iPad = "UIInterfaceOrientationPortrait UIInterfaceOrientationPortraitUpsideDown UIInterfaceOrientationLandscapeLeft UIInterfaceOrientationLandscapeRight";
				INFOPLIST_KEY_UISupportedInterfaceOrientations_iPhone = "UIInterfaceOrientationPortrait UIInterfaceOrientationLandscapeLeft UIInterfaceOrientationLandscapeRight";
				LD_RUNPATH_SEARCH_PATHS = (
					"$(inherited)",
					"@executable_path/Frameworks",
				);
				MARKETING_VERSION = 1.0;
				PRODUCT_BUNDLE_IDENTIFIER = com.acoman.ConcurrencyPractice.RoutineLog;
				PRODUCT_NAME = "$(TARGET_NAME)";
				STRING_CATALOG_GENERATE_SYMBOLS = YES;
				SWIFT_APPROACHABLE_CONCURRENCY = YES;
				SWIFT_DEFAULT_ACTOR_ISOLATION = MainActor;
				SWIFT_EMIT_LOC_STRINGS = YES;
				SWIFT_UPCOMING_FEATURE_MEMBER_IMPORT_VISIBILITY = YES;
				SWIFT_VERSION = 5.0;
				TARGETED_DEVICE_FAMILY = "1,2";
			};
			name = Debug;
		};
		64D5D0792FCD852A00893AB4 /* Release */ = {
			isa = XCBuildConfiguration;
			buildSettings = {
				ASSETCATALOG_COMPILER_APPICON_NAME = AppIcon;
				ASSETCATALOG_COMPILER_GLOBAL_ACCENT_COLOR_NAME = AccentColor;
				CODE_SIGN_STYLE = Automatic;
				CURRENT_PROJECT_VERSION = 1;
				DEVELOPMENT_TEAM = 2383DSB3RM;
				ENABLE_PREVIEWS = YES;
				GENERATE_INFOPLIST_FILE = YES;
				INFOPLIST_KEY_UIApplicationSceneManifest_Generation = YES;
				INFOPLIST_KEY_UIApplicationSupportsIndirectInputEvents = YES;
				INFOPLIST_KEY_UILaunchScreen_Generation = YES;
				INFOPLIST_KEY_UISupportedInterfaceOrientations_iPad = "UIInterfaceOrientationPortrait UIInterfaceOrientationPortraitUpsideDown UIInterfaceOrientationLandscapeLeft UIInterfaceOrientationLandscapeRight";
				INFOPLIST_KEY_UISupportedInterfaceOrientations_iPhone = "UIInterfaceOrientationPortrait UIInterfaceOrientationLandscapeLeft UIInterfaceOrientationLandscapeRight";
				LD_RUNPATH_SEARCH_PATHS = (
					"$(inherited)",
					"@executable_path/Frameworks",
				);
				MARKETING_VERSION = 1.0;
				PRODUCT_BUNDLE_IDENTIFIER = com.acoman.ConcurrencyPractice.RoutineLog;
				PRODUCT_NAME = "$(TARGET_NAME)";
				STRING_CATALOG_GENERATE_SYMBOLS = YES;
				SWIFT_APPROACHABLE_CONCURRENCY = YES;
				SWIFT_DEFAULT_ACTOR_ISOLATION = MainActor;
				SWIFT_EMIT_LOC_STRINGS = YES;
				SWIFT_UPCOMING_FEATURE_MEMBER_IMPORT_VISIBILITY = YES;
				SWIFT_VERSION = 5.0;
				TARGETED_DEVICE_FAMILY = "1,2";
			};
			name = Release;
		};
		64D5D07B2FCD852A00893AB4 /* Debug */ = {
			isa = XCBuildConfiguration;
			buildSettings = {
				BUNDLE_LOADER = "$(TEST_HOST)";
				CODE_SIGN_STYLE = Automatic;
				CURRENT_PROJECT_VERSION = 1;
				DEVELOPMENT_TEAM = 2383DSB3RM;
				GENERATE_INFOPLIST_FILE = YES;
				IPHONEOS_DEPLOYMENT_TARGET = 26.5;
				MARKETING_VERSION = 1.0;
				PRODUCT_BUNDLE_IDENTIFIER = com.acoman.ConcurrencyPractice.RoutineLogTests;
				PRODUCT_NAME = "$(TARGET_NAME)";
				STRING_CATALOG_GENERATE_SYMBOLS = NO;
				SWIFT_APPROACHABLE_CONCURRENCY = YES;
				SWIFT_EMIT_LOC_STRINGS = NO;
				SWIFT_UPCOMING_FEATURE_MEMBER_IMPORT_VISIBILITY = YES;
				SWIFT_VERSION = 5.0;
				TARGETED_DEVICE_FAMILY = "1,2";
				TEST_HOST = "$(BUILT_PRODUCTS_DIR)/RoutineLog.app/$(BUNDLE_EXECUTABLE_FOLDER_PATH)/RoutineLog";
			};
			name = Debug;
		};
		64D5D07C2FCD852A00893AB4 /* Release */ = {
			isa = XCBuildConfiguration;
			buildSettings = {
				BUNDLE_LOADER = "$(TEST_HOST)";
				CODE_SIGN_STYLE = Automatic;
				CURRENT_PROJECT_VERSION = 1;
				DEVELOPMENT_TEAM = 2383DSB3RM;
				GENERATE_INFOPLIST_FILE = YES;
				IPHONEOS_DEPLOYMENT_TARGET = 26.5;
				MARKETING_VERSION = 1.0;
				PRODUCT_BUNDLE_IDENTIFIER = com.acoman.ConcurrencyPractice.RoutineLogTests;
				PRODUCT_NAME = "$(TARGET_NAME)";
				STRING_CATALOG_GENERATE_SYMBOLS = NO;
				SWIFT_APPROACHABLE_CONCURRENCY = YES;
				SWIFT_EMIT_LOC_STRINGS = NO;
				SWIFT_UPCOMING_FEATURE_MEMBER_IMPORT_VISIBILITY = YES;
				SWIFT_VERSION = 5.0;
				TARGETED_DEVICE_FAMILY = "1,2";
				TEST_HOST = "$(BUILT_PRODUCTS_DIR)/RoutineLog.app/$(BUNDLE_EXECUTABLE_FOLDER_PATH)/RoutineLog";
			};
			name = Release;
		};
		64D5D07E2FCD852A00893AB4 /* Debug */ = {
			isa = XCBuildConfiguration;
			buildSettings = {
				CODE_SIGN_STYLE = Automatic;
				CURRENT_PROJECT_VERSION = 1;
				DEVELOPMENT_TEAM = 2383DSB3RM;
				GENERATE_INFOPLIST_FILE = YES;
				MARKETING_VERSION = 1.0;
				PRODUCT_BUNDLE_IDENTIFIER = com.acoman.ConcurrencyPractice.RoutineLogUITests;
				PRODUCT_NAME = "$(TARGET_NAME)";
				STRING_CATALOG_GENERATE_SYMBOLS = NO;
				SWIFT_APPROACHABLE_CONCURRENCY = YES;
				SWIFT_EMIT_LOC_STRINGS = NO;
				SWIFT_UPCOMING_FEATURE_MEMBER_IMPORT_VISIBILITY = YES;
				SWIFT_VERSION = 5.0;
				TARGETED_DEVICE_FAMILY = "1,2";
				TEST_TARGET_NAME = RoutineLog;
			};
			name = Debug;
		};
		64D5D07F2FCD852A00893AB4 /* Release */ = {
			isa = XCBuildConfiguration;
			buildSettings = {
				CODE_SIGN_STYLE = Automatic;
				CURRENT_PROJECT_VERSION = 1;
				DEVELOPMENT_TEAM = 2383DSB3RM;
				GENERATE_INFOPLIST_FILE = YES;
				MARKETING_VERSION = 1.0;
				PRODUCT_BUNDLE_IDENTIFIER = com.acoman.ConcurrencyPractice.RoutineLogUITests;
				PRODUCT_NAME = "$(TARGET_NAME)";
				STRING_CATALOG_GENERATE_SYMBOLS = NO;
				SWIFT_APPROACHABLE_CONCURRENCY = YES;
				SWIFT_EMIT_LOC_STRINGS = NO;
				SWIFT_UPCOMING_FEATURE_MEMBER_IMPORT_VISIBILITY = YES;
				SWIFT_VERSION = 5.0;
				TARGETED_DEVICE_FAMILY = "1,2";
				TEST_TARGET_NAME = RoutineLog;
			};
			name = Release;
		};
/* End XCBuildConfiguration section */

/* Begin XCConfigurationList section */
		64D5D04F2FCD852800893AB4 /* Build configuration list for PBXProject "RoutineLog" */ = {
			isa = XCConfigurationList;
			buildConfigurations = (
				64D5D0752FCD852A00893AB4 /* Debug */,
				64D5D0762FCD852A00893AB4 /* Release */,
			);
			defaultConfigurationIsVisible = 0;
			defaultConfigurationName = Release;
		};
		64D5D0772FCD852A00893AB4 /* Build configuration list for PBXNativeTarget "RoutineLog" */ = {
			isa = XCConfigurationList;
			buildConfigurations = (
				64D5D0782FCD852A00893AB4 /* Debug */,
				64D5D0792FCD852A00893AB4 /* Release */,
			);
			defaultConfigurationIsVisible = 0;
			defaultConfigurationName = Release;
		};
		64D5D07A2FCD852A00893AB4 /* Build configuration list for PBXNativeTarget "RoutineLogTests" */ = {
			isa = XCConfigurationList;
			buildConfigurations = (
				64D5D07B2FCD852A00893AB4 /* Debug */,
				64D5D07C2FCD852A00893AB4 /* Release */,
			);
			defaultConfigurationIsVisible = 0;
			defaultConfigurationName = Release;
		};
		64D5D07D2FCD852A00893AB4 /* Build configuration list for PBXNativeTarget "RoutineLogUITests" */ = {
			isa = XCConfigurationList;
			buildConfigurations = (
				64D5D07E2FCD852A00893AB4 /* Debug */,
				64D5D07F2FCD852A00893AB4 /* Release */,
			);
			defaultConfigurationIsVisible = 0;
			defaultConfigurationName = Release;
		};
/* End XCConfigurationList section */
	};
	rootObject = 64D5D04C2FCD852800893AB4 /* Project object */;
}
